
Microsoft Visual Studio Solution File, Format Version 12.00
# Visual Studio Version 16
VisualStudioVersion = 16.0.29613.14
MinimumVisualStudioVersion = 10.0.40219.1
Project("{FAE04EC0-301F-11D3-BF4B-00C04F79EFBC}") = "EntityFramework_PostgreSQL", "EntityFramework_PostgreSQL.csproj", "{CA88C2BA-0C2E-409C-87A9-83F7EFB6EB92}"
EndProject
Global
	GlobalSection(SolutionConfigurationPlatforms) = preSolution
		Debug|Any CPU = Debug|Any CPU
		Release|Any CPU = Release|Any CPU
	EndGlobalSection
	GlobalSection(ProjectConfigurationPlatforms) = postSolution
		{CA88C2BA-0C2E-409C-87A9-83F7EFB6EB92}.Debug|Any CPU.ActiveCfg = Debug|Any CPU
		{CA88C2BA-0C2E-409C-87A9-83F7EFB6EB92}.Debug|Any CPU.Build.0 = Debug|Any CPU
		{CA88C2BA-0C2E-409C-87A9-83F7EFB6EB92}.Release|Any CPU.ActiveCfg = Release|Any CPU
		{CA88C2BA-0C2E-409C-87A9-83F7EFB6EB92}.Release|Any CPU.Build.0 = Release|Any CPU
	EndGlobalSection
	GlobalSection(SolutionProperties) = preSolution
		HideSolutionNode = FALSE
	EndGlobalSection
	GlobalSection(ExtensibilityGlobals) = postSolution
		SolutionGuid = {74F73F20-4218-46B9-BC54-1877040FEAA4}
	EndGlobalSection
EndGlobal
